
Microsoft Visual Studio Solution File, Format Version 12.00
# Visual Studio Version 16
VisualStudioVersion = 16.0.29911.84
MinimumVisualStudioVersion = 10.0.40219.1
Project("{FAE04EC0-301F-11D3-BF4B-00C04F79EFBC}") = "RestCareService", "RestCareService.csproj", "{827C6A2E-9DF7-44A6-A75F-544EC61DEAE4}"
EndProject
Project("{FAE04EC0-301F-11D3-BF4B-00C04F79EFBC}") = "BabyData", "..\BabyData\BabyData.csproj", "{6359C69A-B294-412D-9787-7A5C94B8E9CA}"
EndProject
Global
	GlobalSection(SolutionConfigurationPlatforms) = preSolution
		Debug|Any CPU = Debug|Any CPU
		Release|Any CPU = Release|Any CPU
	EndGlobalSection
	GlobalSection(ProjectConfigurationPlatforms) = postSolution
		{827C6A2E-9DF7-44A6-A75F-544EC61DEAE4}.Debug|Any CPU.ActiveCfg = Debug|Any CPU
		{827C6A2E-9DF7-44A6-A75F-544EC61DEAE4}.Debug|Any CPU.Build.0 = Debug|Any CPU
		{827C6A2E-9DF7-44A6-A75F-544EC61DEAE4}.Release|Any CPU.ActiveCfg = Release|Any CPU
		{827C6A2E-9DF7-44A6-A75F-544EC61DEAE4}.Release|Any CPU.Build.0 = Release|Any CPU
		{6359C69A-B294-412D-9787-7A5C94B8E9CA}.Debug|Any CPU.ActiveCfg = Debug|Any CPU
		{6359C69A-B294-412D-9787-7A5C94B8E9CA}.Debug|Any CPU.Build.0 = Debug|Any CPU
		{6359C69A-B294-412D-9787-7A5C94B8E9CA}.Release|Any CPU.ActiveCfg = Release|Any CPU
		{6359C69A-B294-412D-9787-7A5C94B8E9CA}.Release|Any CPU.Build.0 = Release|Any CPU
	EndGlobalSection
	GlobalSection(SolutionProperties) = preSolution
		HideSolutionNode = FALSE
	EndGlobalSection
	GlobalSection(ExtensibilityGlobals) = postSolution
		SolutionGuid = {5717AA40-543B-43D1-8EB4-F571FE2EEBDB}
	EndGlobalSection
EndGlobal
