
Microsoft Visual Studio Solution File, Format Version 12.00
# Visual Studio Version 16
VisualStudioVersion = 16.0.29911.84
MinimumVisualStudioVersion = 10.0.40219.1
Project("{9A19103F-16F7-4668-BE54-9A1E7A4F7556}") = "CovidExam", "CovidExam.csproj", "{60DB0529-C249-4C92-B105-2D5EC6093AC0}"
EndProject
Project("{9A19103F-16F7-4668-BE54-9A1E7A4F7556}") = "library", "..\library\library.csproj", "{DDD43FDD-5A8F-4315-9EB9-0EB6D8E5F8D7}"
EndProject
Project("{9A19103F-16F7-4668-BE54-9A1E7A4F7556}") = "libraryTests", "..\libraryTests\libraryTests.csproj", "{19151F9E-1307-4B7D-9581-87C3F05D30D2}"
EndProject
Global
	GlobalSection(SolutionConfigurationPlatforms) = preSolution
		Debug|Any CPU = Debug|Any CPU
		Release|Any CPU = Release|Any CPU
	EndGlobalSection
	GlobalSection(ProjectConfigurationPlatforms) = postSolution
		{60DB0529-C249-4C92-B105-2D5EC6093AC0}.Debug|Any CPU.ActiveCfg = Debug|Any CPU
		{60DB0529-C249-4C92-B105-2D5EC6093AC0}.Debug|Any CPU.Build.0 = Debug|Any CPU
		{60DB0529-C249-4C92-B105-2D5EC6093AC0}.Release|Any CPU.ActiveCfg = Release|Any CPU
		{60DB0529-C249-4C92-B105-2D5EC6093AC0}.Release|Any CPU.Build.0 = Release|Any CPU
		{DDD43FDD-5A8F-4315-9EB9-0EB6D8E5F8D7}.Debug|Any CPU.ActiveCfg = Debug|Any CPU
		{DDD43FDD-5A8F-4315-9EB9-0EB6D8E5F8D7}.Debug|Any CPU.Build.0 = Debug|Any CPU
		{DDD43FDD-5A8F-4315-9EB9-0EB6D8E5F8D7}.Release|Any CPU.ActiveCfg = Release|Any CPU
		{DDD43FDD-5A8F-4315-9EB9-0EB6D8E5F8D7}.Release|Any CPU.Build.0 = Release|Any CPU
		{19151F9E-1307-4B7D-9581-87C3F05D30D2}.Debug|Any CPU.ActiveCfg = Debug|Any CPU
		{19151F9E-1307-4B7D-9581-87C3F05D30D2}.Debug|Any CPU.Build.0 = Debug|Any CPU
		{19151F9E-1307-4B7D-9581-87C3F05D30D2}.Release|Any CPU.ActiveCfg = Release|Any CPU
		{19151F9E-1307-4B7D-9581-87C3F05D30D2}.Release|Any CPU.Build.0 = Release|Any CPU
	EndGlobalSection
	GlobalSection(SolutionProperties) = preSolution
		HideSolutionNode = FALSE
	EndGlobalSection
	GlobalSection(ExtensibilityGlobals) = postSolution
		SolutionGuid = {1A64A4ED-AAB2-42D9-8582-095BBA3CDBBD}
	EndGlobalSection
EndGlobal
